
Microsoft Visual Studio Solution File, Format Version 12.00
# Visual Studio Version 17
VisualStudioVersion = 17.4.33213.308
MinimumVisualStudioVersion = 10.0.40219.1
Project("{FAE04EC0-301F-11D3-BF4B-00C04F79EFBC}") = "Gerente de estudantes", "Gerente de estudantes.csproj", "{1CB2CC3D-A8CC-43C2-83E3-668623B9DF17}"
EndProject
Global
	GlobalSection(SolutionConfigurationPlatforms) = preSolution
		Debug|Any CPU = Debug|Any CPU
		Release|Any CPU = Release|Any CPU
	EndGlobalSection
	GlobalSection(ProjectConfigurationPlatforms) = postSolution
		{1CB2CC3D-A8CC-43C2-83E3-668623B9DF17}.Debug|Any CPU.ActiveCfg = Debug|Any CPU
		{1CB2CC3D-A8CC-43C2-83E3-668623B9DF17}.Debug|Any CPU.Build.0 = Debug|Any CPU
		{1CB2CC3D-A8CC-43C2-83E3-668623B9DF17}.Release|Any CPU.ActiveCfg = Release|Any CPU
		{1CB2CC3D-A8CC-43C2-83E3-668623B9DF17}.Release|Any CPU.Build.0 = Release|Any CPU
	EndGlobalSection
	GlobalSection(SolutionProperties) = preSolution
		HideSolutionNode = FALSE
	EndGlobalSection
	GlobalSection(ExtensibilityGlobals) = postSolution
		SolutionGuid = {E513B1A5-FDF5-45D4-B1E4-3C91403F41E1}
	EndGlobalSection
EndGlobal
